PODS:
  - AWSCognito (2.6.35):
    - AWSCore (= 2.6.35)
  - AWSCognitoAuth (2.7.0):
    - AWSCognitoIdentityProviderASF (= 1.0.1)
  - AWSCognitoIdentityProvider (2.6.35):
    - AWSCognitoIdentityProviderASF (= 1.0.1)
    - AWSCore (= 2.6.35)
  - AWSCognitoIdentityProviderASF (1.0.1)
  - AWSCore (2.6.35)
  - AWSDynamoDB (2.6.35):
    - AWSCore (= 2.6.35)
  - AWSLambda (2.6.35):
    - AWSCore (= 2.6.35)
  - AWSS3 (2.6.35):
    - AWSCore (= 2.6.35)
  - RxAtomic (4.4.0)
  - RxCocoa (4.4.0):
    - RxSwift (~> 4.0)
  - RxSwift (4.4.0):
    - RxAtomic (~> 4.4)
  - SwiftLint (0.27.0)

DEPENDENCIES:
  - AWSCognito
  - AWSCognitoAuth
  - AWSCognitoIdentityProvider
  - AWSCore (~> 2.6.13)
  - AWSDynamoDB
  - AWSLambda
  - AWSS3
  - RxCocoa (~> 4.0)
  - RxSwift (~> 4.0)
  - SwiftLint

SPEC REPOS:
  https://github.com/cocoapods/specs.git:
    - AWSCognito
    - AWSCognitoAuth
    - AWSCognitoIdentityProvider
    - AWSCognitoIdentityProviderASF
    - AWSCore
    - AWSDynamoDB
    - AWSLambda
    - AWSS3
    - RxAtomic
    - RxCocoa
    - RxSwift
    - SwiftLint

SPEC CHECKSUMS:
  AWSCognito: 6b96ae976b5f59881c1bb406e0c7d08494651dee
  AWSCognitoAuth: 35b40d51918b6743cb4d107a054f3a61f344a08b
  AWSCognitoIdentityProvider: 0a041bd229a105d73f3a4d7eb90f696f1b5bd422
  AWSCognitoIdentityProviderASF: f94f1a502e72ef3d0a1de93e10bf7a79c8698118
  AWSCore: 2dab62ef2e5ca5d8c72c6cbdb3a6ea1532c27c2b
  AWSDynamoDB: f4902fc37384dcf9547e2d8a32a5b208d4d1d996
  AWSLambda: 60b52f6445e99810c991294c51215f9b171e7d0e
  AWSS3: 282a590bb47e9cd88de24979fb28954399c41c52
  RxAtomic: eacf60db868c96bfd63320e28619fe29c179656f
  RxCocoa: df63ebf7b9a70d6b4eeea407ed5dd4efc8979749
  RxSwift: 5976ecd04fc2fefd648827c23de5e11157faa973
  SwiftLint: 3207c1faa2240bf8973b191820a116113cd11073

PODFILE CHECKSUM: 766f61d2fa6f512f0a1a853ceecc715ae06c9216

COCOAPODS: 1.5.3
