// !$*UTF8*$!
{
	archiveVersion = 1;
	classes = {
	};
	objectVersion = 50;
	objects = {

/* Begin PBXBuildFile section */
		41B9B160AC61A91691CF1D98 /* Pods_SpartanParker_iOSUITests.framework in Frameworks */ = {isa = PBXBuildFile; fileRef = 9B038958A5F8253C698DBA8E /* Pods_SpartanParker_iOSUITests.framework */; };
		632CBB3A213FA950008A67D2 /* LoginForm.swift in Sources */ = {isa = PBXBuildFile; fileRef = 632CBB39213FA950008A67D2 /* LoginForm.swift */; };
		632CBB3C213FC8CD008A67D2 /* Authenticator.swift in Sources */ = {isa = PBXBuildFile; fileRef = 632CBB3B213FC8CD008A67D2 /* Authenticator.swift */; };
		635C5280214754440010006C /* GlobalHelpers.swift in Sources */ = {isa = PBXBuildFile; fileRef = 635C527F214754440010006C /* GlobalHelpers.swift */; };
		635C52822147DEC80010006C /* QRScanViewController.swift in Sources */ = {isa = PBXBuildFile; fileRef = 635C52812147DEC80010006C /* QRScanViewController.swift */; };
		6374D7832146FACC00402950 /* OptionButton.swift in Sources */ = {isa = PBXBuildFile; fileRef = 6374D7822146FACC00402950 /* OptionButton.swift */; };
		637B91BC21347860003E9550 /* SpotSearchViewController.swift in Sources */ = {isa = PBXBuildFile; fileRef = 637B91BB21347860003E9550 /* SpotSearchViewController.swift */; };
		637B91BE213478A5003E9550 /* AlertView.swift in Sources */ = {isa = PBXBuildFile; fileRef = 637B91BD213478A5003E9550 /* AlertView.swift */; };
		637B91C221347D34003E9550 /* UIFont.swift in Sources */ = {isa = PBXBuildFile; fileRef = 637B91C121347D34003E9550 /* UIFont.swift */; };
		637B91C42134AF2D003E9550 /* ViewController.swift in Sources */ = {isa = PBXBuildFile; fileRef = 637B91C32134AF2D003E9550 /* ViewController.swift */; };
		637B91C62134C6B8003E9550 /* AlertViewTests.swift in Sources */ = {isa = PBXBuildFile; fileRef = 637B91C52134C6B8003E9550 /* AlertViewTests.swift */; };
		637B91C82134D2B2003E9550 /* UIColorTests.swift in Sources */ = {isa = PBXBuildFile; fileRef = 637B91C72134D2B2003E9550 /* UIColorTests.swift */; };
		637B91CA2134E655003E9550 /* DatabaseObjectTests.swift in Sources */ = {isa = PBXBuildFile; fileRef = 637B91C92134E655003E9550 /* DatabaseObjectTests.swift */; };
		637B91CE213609ED003E9550 /* ParkingSpot.swift in Sources */ = {isa = PBXBuildFile; fileRef = 637B91CD213609ED003E9550 /* ParkingSpot.swift */; };
		637B91D021364109003E9550 /* ParkingSpotTests.swift in Sources */ = {isa = PBXBuildFile; fileRef = 637B91CF21364109003E9550 /* ParkingSpotTests.swift */; };
		637B91D52137359F003E9550 /* MasterViewController.swift in Sources */ = {isa = PBXBuildFile; fileRef = 637B91D42137359F003E9550 /* MasterViewController.swift */; };
		637B91D921374ACF003E9550 /* UserTests.swift in Sources */ = {isa = PBXBuildFile; fileRef = 63CBFE72212FEFD500E36AC5 /* UserTests.swift */; };
		63822C2C212CDBAF000D2B9D /* UserForm.swift in Sources */ = {isa = PBXBuildFile; fileRef = 63822C2B212CDBAF000D2B9D /* UserForm.swift */; };
		63822C30212CDE0E000D2B9D /* TextField.swift in Sources */ = {isa = PBXBuildFile; fileRef = 63822C2F212CDE0E000D2B9D /* TextField.swift */; };
		63A84226211693C30038C68B /* AppDelegate.swift in Sources */ = {isa = PBXBuildFile; fileRef = 63A84225211693C30038C68B /* AppDelegate.swift */; };
		63A8422D211693C30038C68B /* Assets.xcassets in Resources */ = {isa = PBXBuildFile; fileRef = 63A8422C211693C30038C68B /* Assets.xcassets */; };
		63A84230211693C30038C68B /* LaunchScreen.storyboard in Resources */ = {isa = PBXBuildFile; fileRef = 63A8422E211693C30038C68B /* LaunchScreen.storyboard */; };
		63B56A1D2137A54A00913F26 /* FullNameTests.swift in Sources */ = {isa = PBXBuildFile; fileRef = 63B56A1C2137A54A00913F26 /* FullNameTests.swift */; };
		63C96AA5212AEDBD00F574D0 /* UIColor.swift in Sources */ = {isa = PBXBuildFile; fileRef = 63C96AA4212AEDBD00F574D0 /* UIColor.swift */; };
		63C96AA7212AF4D800F574D0 /* UIView.swift in Sources */ = {isa = PBXBuildFile; fileRef = 63C96AA6212AF4D800F574D0 /* UIView.swift */; };
		63CBFE60212F7E1B00E36AC5 /* TextFieldTests.swift in Sources */ = {isa = PBXBuildFile; fileRef = 63CBFE5A212F7D5600E36AC5 /* TextFieldTests.swift */; };
		63CBFE66212F8BA900E36AC5 /* SegmentedController.swift in Sources */ = {isa = PBXBuildFile; fileRef = 63CBFE65212F8BA900E36AC5 /* SegmentedController.swift */; };
		63CBFE68212FCD2200E36AC5 /* SegmentedControllerTests.swift in Sources */ = {isa = PBXBuildFile; fileRef = 63CBFE67212FCD2200E36AC5 /* SegmentedControllerTests.swift */; };
		63CBFE6F212FECFC00E36AC5 /* User.swift in Sources */ = {isa = PBXBuildFile; fileRef = 63CBFE6E212FECFC00E36AC5 /* User.swift */; };
		63CBFE71212FED2A00E36AC5 /* DatabaseObject.swift in Sources */ = {isa = PBXBuildFile; fileRef = 63CBFE70212FED2A00E36AC5 /* DatabaseObject.swift */; };
		63E2428121406CCD00F9F525 /* RegisterForm.swift in Sources */ = {isa = PBXBuildFile; fileRef = 63E2428021406CCD00F9F525 /* RegisterForm.swift */; };
		63E35CC9211B3B4600735870 /* AuthenticationViewController.swift in Sources */ = {isa = PBXBuildFile; fileRef = 63E35CC8211B3B4600735870 /* AuthenticationViewController.swift */; };
		63E4C4DC21408FB2000CE9C4 /* Print.swift in Sources */ = {isa = PBXBuildFile; fileRef = 63E4C4DB21408FB2000CE9C4 /* Print.swift */; };
		8ED6B6B8287E9579733EBBE1 /* Pods_SpartanParker_iOSTests.framework in Frameworks */ = {isa = PBXBuildFile; fileRef = 57E8EAC7D465F75A6B31180E /* Pods_SpartanParker_iOSTests.framework */; };
		AC128F88CEC8BE23DE4EE843 /* Pods_SpartanParker_iOS.framework in Frameworks */ = {isa = PBXBuildFile; fileRef = F339DBE16CFC336CE606C0B6 /* Pods_SpartanParker_iOS.framework */; };
/* End PBXBuildFile section */

/* Begin PBXContainerItemProxy section */
		63A84237211693C30038C68B /* PBXContainerItemProxy */ = {
			isa = PBXContainerItemProxy;
			containerPortal = 63A8421A211693C20038C68B /* Project object */;
			proxyType = 1;
			remoteGlobalIDString = 63A84221211693C20038C68B;
			remoteInfo = "SpartanParker-iOS";
		};
		63A84242211693C30038C68B /* PBXContainerItemProxy */ = {
			isa = PBXContainerItemProxy;
			containerPortal = 63A8421A211693C20038C68B /* Project object */;
			proxyType = 1;
			remoteGlobalIDString = 63A84221211693C20038C68B;
			remoteInfo = "SpartanParker-iOS";
		};
/* End PBXContainerItemProxy section */

/* Begin PBXFileReference section */
		00E6B7B462D01FB44B8E90B4 /* Pods-SpartanParker-iOSTests.release.xcconfig */ = {isa = PBXFileReference; includeInIndex = 1; lastKnownFileType = text.xcconfig; name = "Pods-SpartanParker-iOSTests.release.xcconfig"; path = "Pods/Target Support Files/Pods-SpartanParker-iOSTests/Pods-SpartanParker-iOSTests.release.xcconfig"; sourceTree = "<group>"; };
		2791B8908F25FD505C4D7F5F /* Pods-SpartanParker-iOSTests.debug.xcconfig */ = {isa = PBXFileReference; includeInIndex = 1; lastKnownFileType = text.xcconfig; name = "Pods-SpartanParker-iOSTests.debug.xcconfig"; path = "Pods/Target Support Files/Pods-SpartanParker-iOSTests/Pods-SpartanParker-iOSTests.debug.xcconfig"; sourceTree = "<group>"; };
		29DA89D9215ABE53D51A29B6 /* Pods-SpartanParker-iOS.release.xcconfig */ = {isa = PBXFileReference; includeInIndex = 1; lastKnownFileType = text.xcconfig; name = "Pods-SpartanParker-iOS.release.xcconfig"; path = "Pods/Target Support Files/Pods-SpartanParker-iOS/Pods-SpartanParker-iOS.release.xcconfig"; sourceTree = "<group>"; };
		3B2BF39DA96FABC9656AB8BF /* Pods-SpartanParker-iOSUITests.debug.xcconfig */ = {isa = PBXFileReference; includeInIndex = 1; lastKnownFileType = text.xcconfig; name = "Pods-SpartanParker-iOSUITests.debug.xcconfig"; path = "Pods/Target Support Files/Pods-SpartanParker-iOSUITests/Pods-SpartanParker-iOSUITests.debug.xcconfig"; sourceTree = "<group>"; };
		57E8EAC7D465F75A6B31180E /* Pods_SpartanParker_iOSTests.framework */ = {isa = PBXFileReference; explicitFileType = wrapper.framework; includeInIndex = 0; path = Pods_SpartanParker_iOSTests.framework; sourceTree = BUILT_PRODUCTS_DIR; };
		6302127B21392B6B0067CEDB /* .swiftlint.yml */ = {isa = PBXFileReference; lastKnownFileType = text; path = .swiftlint.yml; sourceTree = "<group>"; };
		632CBB39213FA950008A67D2 /* LoginForm.swift */ = {isa = PBXFileReference; lastKnownFileType = sourcecode.swift; path = LoginForm.swift; sourceTree = "<group>"; };
		632CBB3B213FC8CD008A67D2 /* Authenticator.swift */ = {isa = PBXFileReference; lastKnownFileType = sourcecode.swift; path = Authenticator.swift; sourceTree = "<group>"; };
		635C527F214754440010006C /* GlobalHelpers.swift */ = {isa = PBXFileReference; lastKnownFileType = sourcecode.swift; path = GlobalHelpers.swift; sourceTree = "<group>"; };
		635C52812147DEC80010006C /* QRScanViewController.swift */ = {isa = PBXFileReference; lastKnownFileType = sourcecode.swift; path = QRScanViewController.swift; sourceTree = "<group>"; };
		6374D7822146FACC00402950 /* OptionButton.swift */ = {isa = PBXFileReference; lastKnownFileType = sourcecode.swift; path = OptionButton.swift; sourceTree = "<group>"; };
		637B91BB21347860003E9550 /* SpotSearchViewController.swift */ = {isa = PBXFileReference; lastKnownFileType = sourcecode.swift; path = SpotSearchViewController.swift; sourceTree = "<group>"; };
		637B91BD213478A5003E9550 /* AlertView.swift */ = {isa = PBXFileReference; lastKnownFileType = sourcecode.swift; path = AlertView.swift; sourceTree = "<group>"; };
		637B91C121347D34003E9550 /* UIFont.swift */ = {isa = PBXFileReference; lastKnownFileType = sourcecode.swift; path = UIFont.swift; sourceTree = "<group>"; };
		637B91C32134AF2D003E9550 /* ViewController.swift */ = {isa = PBXFileReference; lastKnownFileType = sourcecode.swift; path = ViewController.swift; sourceTree = "<group>"; };
		637B91C52134C6B8003E9550 /* AlertViewTests.swift */ = {isa = PBXFileReference; lastKnownFileType = sourcecode.swift; path = AlertViewTests.swift; sourceTree = "<group>"; };
		637B91C72134D2B2003E9550 /* UIColorTests.swift */ = {isa = PBXFileReference; lastKnownFileType = sourcecode.swift; path = UIColorTests.swift; sourceTree = "<group>"; };
		637B91C92134E655003E9550 /* DatabaseObjectTests.swift */ = {isa = PBXFileReference; lastKnownFileType = sourcecode.swift; path = DatabaseObjectTests.swift; sourceTree = "<group>"; };
		637B91CD213609ED003E9550 /* ParkingSpot.swift */ = {isa = PBXFileReference; lastKnownFileType = sourcecode.swift; path = ParkingSpot.swift; sourceTree = "<group>"; };
		637B91CF21364109003E9550 /* ParkingSpotTests.swift */ = {isa = PBXFileReference; lastKnownFileType = sourcecode.swift; path = ParkingSpotTests.swift; sourceTree = "<group>"; };
		637B91D42137359F003E9550 /* MasterViewController.swift */ = {isa = PBXFileReference; lastKnownFileType = sourcecode.swift; path = MasterViewController.swift; sourceTree = "<group>"; };
		63822C2B212CDBAF000D2B9D /* UserForm.swift */ = {isa = PBXFileReference; lastKnownFileType = sourcecode.swift; path = UserForm.swift; sourceTree = "<group>"; };
		63822C2F212CDE0E000D2B9D /* TextField.swift */ = {isa = PBXFileReference; lastKnownFileType = sourcecode.swift; path = TextField.swift; sourceTree = "<group>"; };
		63A84222211693C20038C68B /* SpartanParker-iOS.app */ = {isa = PBXFileReference; explicitFileType = wrapper.application; includeInIndex = 0; path = "SpartanParker-iOS.app"; sourceTree = BUILT_PRODUCTS_DIR; };
		63A84225211693C30038C68B /* AppDelegate.swift */ = {isa = PBXFileReference; lastKnownFileType = sourcecode.swift; path = AppDelegate.swift; sourceTree = "<group>"; };
		63A8422C211693C30038C68B /* Assets.xcassets */ = {isa = PBXFileReference; lastKnownFileType = folder.assetcatalog; path = Assets.xcassets; sourceTree = "<group>"; };
		63A8422F211693C30038C68B /* Base */ = {isa = PBXFileReference; lastKnownFileType = file.storyboard; name = Base; path = Base.lproj/LaunchScreen.storyboard; sourceTree = "<group>"; };
		63A84231211693C30038C68B /* Info.plist */ = {isa = PBXFileReference; lastKnownFileType = text.plist.xml; path = Info.plist; sourceTree = "<group>"; };
		63A84236211693C30038C68B /* SpartanParker-iOSTests.xctest */ = {isa = PBXFileReference; explicitFileType = wrapper.cfbundle; includeInIndex = 0; path = "SpartanParker-iOSTests.xctest"; sourceTree = BUILT_PRODUCTS_DIR; };
		63A8423C211693C30038C68B /* Info.plist */ = {isa = PBXFileReference; lastKnownFileType = text.plist.xml; path = Info.plist; sourceTree = "<group>"; };
		63A84241211693C30038C68B /* SpartanParker-iOSUITests.xctest */ = {isa = PBXFileReference; explicitFileType = wrapper.cfbundle; includeInIndex = 0; path = "SpartanParker-iOSUITests.xctest"; sourceTree = BUILT_PRODUCTS_DIR; };
		63A84247211693C30038C68B /* Info.plist */ = {isa = PBXFileReference; lastKnownFileType = text.plist.xml; path = Info.plist; sourceTree = "<group>"; };
		63B56A1C2137A54A00913F26 /* FullNameTests.swift */ = {isa = PBXFileReference; lastKnownFileType = sourcecode.swift; path = FullNameTests.swift; sourceTree = "<group>"; };
		63C96AA4212AEDBD00F574D0 /* UIColor.swift */ = {isa = PBXFileReference; lastKnownFileType = sourcecode.swift; path = UIColor.swift; sourceTree = "<group>"; };
		63C96AA6212AF4D800F574D0 /* UIView.swift */ = {isa = PBXFileReference; lastKnownFileType = sourcecode.swift; path = UIView.swift; sourceTree = "<group>"; };
		63CBFE5A212F7D5600E36AC5 /* TextFieldTests.swift */ = {isa = PBXFileReference; lastKnownFileType = sourcecode.swift; path = TextFieldTests.swift; sourceTree = "<group>"; };
		63CBFE65212F8BA900E36AC5 /* SegmentedController.swift */ = {isa = PBXFileReference; fileEncoding = 4; lastKnownFileType = sourcecode.swift; path = SegmentedController.swift; sourceTree = "<group>"; };
		63CBFE67212FCD2200E36AC5 /* SegmentedControllerTests.swift */ = {isa = PBXFileReference; lastKnownFileType = sourcecode.swift; path = SegmentedControllerTests.swift; sourceTree = "<group>"; };
		63CBFE6E212FECFC00E36AC5 /* User.swift */ = {isa = PBXFileReference; lastKnownFileType = sourcecode.swift; path = User.swift; sourceTree = "<group>"; };
		63CBFE70212FED2A00E36AC5 /* DatabaseObject.swift */ = {isa = PBXFileReference; lastKnownFileType = sourcecode.swift; path = DatabaseObject.swift; sourceTree = "<group>"; };
		63CBFE72212FEFD500E36AC5 /* UserTests.swift */ = {isa = PBXFileReference; lastKnownFileType = sourcecode.swift; path = UserTests.swift; sourceTree = "<group>"; };
		63E2428021406CCD00F9F525 /* RegisterForm.swift */ = {isa = PBXFileReference; lastKnownFileType = sourcecode.swift; path = RegisterForm.swift; sourceTree = "<group>"; };
		63E35CC8211B3B4600735870 /* AuthenticationViewController.swift */ = {isa = PBXFileReference; lastKnownFileType = sourcecode.swift; path = AuthenticationViewController.swift; sourceTree = "<group>"; };
		63E4C4DB21408FB2000CE9C4 /* Print.swift */ = {isa = PBXFileReference; lastKnownFileType = sourcecode.swift; path = Print.swift; sourceTree = "<group>"; };
		9B038958A5F8253C698DBA8E /* Pods_SpartanParker_iOSUITests.framework */ = {isa = PBXFileReference; explicitFileType = wrapper.framework; includeInIndex = 0; path = Pods_SpartanParker_iOSUITests.framework; sourceTree = BUILT_PRODUCTS_DIR; };
		A6549C467BB2D3B5BCFA9DFA /* Pods-SpartanParker-iOSUITests.release.xcconfig */ = {isa = PBXFileReference; includeInIndex = 1; lastKnownFileType = text.xcconfig; name = "Pods-SpartanParker-iOSUITests.release.xcconfig"; path = "Pods/Target Support Files/Pods-SpartanParker-iOSUITests/Pods-SpartanParker-iOSUITests.release.xcconfig"; sourceTree = "<group>"; };
		DCD99BC8695578C5C2EB5445 /* Pods-SpartanParker-iOS.debug.xcconfig */ = {isa = PBXFileReference; includeInIndex = 1; lastKnownFileType = text.xcconfig; name = "Pods-SpartanParker-iOS.debug.xcconfig"; path = "Pods/Target Support Files/Pods-SpartanParker-iOS/Pods-SpartanParker-iOS.debug.xcconfig"; sourceTree = "<group>"; };
		F339DBE16CFC336CE606C0B6 /* Pods_SpartanParker_iOS.framework */ = {isa = PBXFileReference; explicitFileType = wrapper.framework; includeInIndex = 0; path = Pods_SpartanParker_iOS.framework; sourceTree = BUILT_PRODUCTS_DIR; };
/* End PBXFileReference section */

/* Begin PBXFrameworksBuildPhase section */
		63A8421F211693C20038C68B /* Frameworks */ = {
			isa = PBXFrameworksBuildPhase;
			buildActionMask = 2147483647;
			files = (
				AC128F88CEC8BE23DE4EE843 /* Pods_SpartanParker_iOS.framework in Frameworks */,
			);
			runOnlyForDeploymentPostprocessing = 0;
		};
		63A84233211693C30038C68B /* Frameworks */ = {
			isa = PBXFrameworksBuildPhase;
			buildActionMask = 2147483647;
			files = (
				8ED6B6B8287E9579733EBBE1 /* Pods_SpartanParker_iOSTests.framework in Frameworks */,
			);
			runOnlyForDeploymentPostprocessing = 0;
		};
		63A8423E211693C30038C68B /* Frameworks */ = {
			isa = PBXFrameworksBuildPhase;
			buildActionMask = 2147483647;
			files = (
				41B9B160AC61A91691CF1D98 /* Pods_SpartanParker_iOSUITests.framework in Frameworks */,
			);
			runOnlyForDeploymentPostprocessing = 0;
		};
/* End PBXFrameworksBuildPhase section */

/* Begin PBXGroup section */
		161F7A6EDE49CE1CAFC4D300 /* Pods */ = {
			isa = PBXGroup;
			children = (
				DCD99BC8695578C5C2EB5445 /* Pods-SpartanParker-iOS.debug.xcconfig */,
				29DA89D9215ABE53D51A29B6 /* Pods-SpartanParker-iOS.release.xcconfig */,
				2791B8908F25FD505C4D7F5F /* Pods-SpartanParker-iOSTests.debug.xcconfig */,
				00E6B7B462D01FB44B8E90B4 /* Pods-SpartanParker-iOSTests.release.xcconfig */,
				3B2BF39DA96FABC9656AB8BF /* Pods-SpartanParker-iOSUITests.debug.xcconfig */,
				A6549C467BB2D3B5BCFA9DFA /* Pods-SpartanParker-iOSUITests.release.xcconfig */,
			);
			name = Pods;
			sourceTree = "<group>";
		};
		639CC0942117E53C00D9C7FA /* ViewControllers */ = {
			isa = PBXGroup;
			children = (
				63E35CC8211B3B4600735870 /* AuthenticationViewController.swift */,
				637B91D42137359F003E9550 /* MasterViewController.swift */,
				635C52812147DEC80010006C /* QRScanViewController.swift */,
				637B91BB21347860003E9550 /* SpotSearchViewController.swift */,
				637B91C32134AF2D003E9550 /* ViewController.swift */,
			);
			path = ViewControllers;
			sourceTree = "<group>";
		};
		63A84219211693C20038C68B = {
			isa = PBXGroup;
			children = (
				6302127B21392B6B0067CEDB /* .swiftlint.yml */,
				63A84224211693C20038C68B /* SpartanParker-iOS */,
				63A84239211693C30038C68B /* SpartanParker-iOSTests */,
				63A84244211693C30038C68B /* SpartanParker-iOSUITests */,
				63A84223211693C20038C68B /* Products */,
				161F7A6EDE49CE1CAFC4D300 /* Pods */,
				647B617375D2446DFE196F4A /* Frameworks */,
			);
			sourceTree = "<group>";
		};
		63A84223211693C20038C68B /* Products */ = {
			isa = PBXGroup;
			children = (
				63A84222211693C20038C68B /* SpartanParker-iOS.app */,
				63A84236211693C30038C68B /* SpartanParker-iOSTests.xctest */,
				63A84241211693C30038C68B /* SpartanParker-iOSUITests.xctest */,
			);
			name = Products;
			sourceTree = "<group>";
		};
		63A84224211693C20038C68B /* SpartanParker-iOS */ = {
			isa = PBXGroup;
			children = (
				63C96AA3212AEDAD00F574D0 /* Extensions */,
				63CBFE6D212FECE600E36AC5 /* Server */,
				63E24285214086C000F9F525 /* SupportingFiles */,
				63E35CCA211B3B6300735870 /* Views */,
				639CC0942117E53C00D9C7FA /* ViewControllers */,
			);
			path = "SpartanParker-iOS";
			sourceTree = "<group>";
		};
		63A84239211693C30038C68B /* SpartanParker-iOSTests */ = {
			isa = PBXGroup;
			children = (
				63A8423C211693C30038C68B /* Info.plist */,
				637B91C52134C6B8003E9550 /* AlertViewTests.swift */,
				637B91C92134E655003E9550 /* DatabaseObjectTests.swift */,
				63B56A1C2137A54A00913F26 /* FullNameTests.swift */,
				637B91CF21364109003E9550 /* ParkingSpotTests.swift */,
				63CBFE67212FCD2200E36AC5 /* SegmentedControllerTests.swift */,
				63CBFE5A212F7D5600E36AC5 /* TextFieldTests.swift */,
				637B91C72134D2B2003E9550 /* UIColorTests.swift */,
				63CBFE72212FEFD500E36AC5 /* UserTests.swift */,
			);
			path = "SpartanParker-iOSTests";
			sourceTree = "<group>";
		};
		63A84244211693C30038C68B /* SpartanParker-iOSUITests */ = {
			isa = PBXGroup;
			children = (
				63A84247211693C30038C68B /* Info.plist */,
			);
			path = "SpartanParker-iOSUITests";
			sourceTree = "<group>";
		};
		63C96AA3212AEDAD00F574D0 /* Extensions */ = {
			isa = PBXGroup;
			children = (
				63C96AA4212AEDBD00F574D0 /* UIColor.swift */,
				637B91C121347D34003E9550 /* UIFont.swift */,
				63C96AA6212AF4D800F574D0 /* UIView.swift */,
			);
			path = Extensions;
			sourceTree = "<group>";
		};
		63CBFE6D212FECE600E36AC5 /* Server */ = {
			isa = PBXGroup;
			children = (
				632CBB3B213FC8CD008A67D2 /* Authenticator.swift */,
				63CBFE70212FED2A00E36AC5 /* DatabaseObject.swift */,
				637B91CD213609ED003E9550 /* ParkingSpot.swift */,
				63CBFE6E212FECFC00E36AC5 /* User.swift */,
			);
			path = Server;
			sourceTree = "<group>";
		};
		63E2428221406D7100F9F525 /* Forms */ = {
			isa = PBXGroup;
			children = (
				632CBB39213FA950008A67D2 /* LoginForm.swift */,
				63E2428021406CCD00F9F525 /* RegisterForm.swift */,
				63822C2B212CDBAF000D2B9D /* UserForm.swift */,
			);
			path = Forms;
			sourceTree = "<group>";
		};
		63E24285214086C000F9F525 /* SupportingFiles */ = {
			isa = PBXGroup;
			children = (
				63A8422E211693C30038C68B /* LaunchScreen.storyboard */,
				63A8422C211693C30038C68B /* Assets.xcassets */,
				63A84231211693C30038C68B /* Info.plist */,
				63A84225211693C30038C68B /* AppDelegate.swift */,
				635C527F214754440010006C /* GlobalHelpers.swift */,
				63E4C4DB21408FB2000CE9C4 /* Print.swift */,
			);
			path = SupportingFiles;
			sourceTree = "<group>";
		};
		63E35CCA211B3B6300735870 /* Views */ = {
			isa = PBXGroup;
			children = (
				637B91BD213478A5003E9550 /* AlertView.swift */,
				6374D7822146FACC00402950 /* OptionButton.swift */,
				63CBFE65212F8BA900E36AC5 /* SegmentedController.swift */,
				63822C2F212CDE0E000D2B9D /* TextField.swift */,
				63E2428221406D7100F9F525 /* Forms */,
			);
			path = Views;
			sourceTree = "<group>";
		};
		647B617375D2446DFE196F4A /* Frameworks */ = {
			isa = PBXGroup;
			children = (
				F339DBE16CFC336CE606C0B6 /* Pods_SpartanParker_iOS.framework */,
				57E8EAC7D465F75A6B31180E /* Pods_SpartanParker_iOSTests.framework */,
				9B038958A5F8253C698DBA8E /* Pods_SpartanParker_iOSUITests.framework */,
			);
			name = Frameworks;
			sourceTree = "<group>";
		};
/* End PBXGroup section */

/* Begin PBXNativeTarget section */
		63A84221211693C20038C68B /* SpartanParker-iOS */ = {
			isa = PBXNativeTarget;
			buildConfigurationList = 63A8424A211693C30038C68B /* Build configuration list for PBXNativeTarget "SpartanParker-iOS" */;
			buildPhases = (
				28C4451C2E7B07B56785D6C8 /* [CP] Check Pods Manifest.lock */,
				63A8421E211693C20038C68B /* Sources */,
				63A8421F211693C20038C68B /* Frameworks */,
				63A84220211693C20038C68B /* Resources */,
				639A8C7E2137706E001733D6 /* ShellScript */,
				529EAEBC87294B7DF45DFA60 /* [CP] Embed Pods Frameworks */,
			);
			buildRules = (
			);
			dependencies = (
			);
			name = "SpartanParker-iOS";
			productName = "SpartanParker-iOS";
			productReference = 63A84222211693C20038C68B /* SpartanParker-iOS.app */;
			productType = "com.apple.product-type.application";
		};
		63A84235211693C30038C68B /* SpartanParker-iOSTests */ = {
			isa = PBXNativeTarget;
			buildConfigurationList = 63A8424D211693C30038C68B /* Build configuration list for PBXNativeTarget "SpartanParker-iOSTests" */;
			buildPhases = (
				353AFC8E2395B64835987AB6 /* [CP] Check Pods Manifest.lock */,
				63A84232211693C30038C68B /* Sources */,
				63A84233211693C30038C68B /* Frameworks */,
				63A84234211693C30038C68B /* Resources */,
			);
			buildRules = (
			);
			dependencies = (
				63A84238211693C30038C68B /* PBXTargetDependency */,
			);
			name = "SpartanParker-iOSTests";
			productName = "SpartanParker-iOSTests";
			productReference = 63A84236211693C30038C68B /* SpartanParker-iOSTests.xctest */;
			productType = "com.apple.product-type.bundle.unit-test";
		};
		63A84240211693C30038C68B /* SpartanParker-iOSUITests */ = {
			isa = PBXNativeTarget;
			buildConfigurationList = 63A84250211693C30038C68B /* Build configuration list for PBXNativeTarget "SpartanParker-iOSUITests" */;
			buildPhases = (
				EF249D2FDA37CD3906B4149F /* [CP] Check Pods Manifest.lock */,
				63A8423D211693C30038C68B /* Sources */,
				63A8423E211693C30038C68B /* Frameworks */,
				63A8423F211693C30038C68B /* Resources */,
			);
			buildRules = (
			);
			dependencies = (
				63A84243211693C30038C68B /* PBXTargetDependency */,
			);
			name = "SpartanParker-iOSUITests";
			productName = "SpartanParker-iOSUITests";
			productReference = 63A84241211693C30038C68B /* SpartanParker-iOSUITests.xctest */;
			productType = "com.apple.product-type.bundle.ui-testing";
		};
/* End PBXNativeTarget section */

/* Begin PBXProject section */
		63A8421A211693C20038C68B /* Project object */ = {
			isa = PBXProject;
			attributes = {
				LastSwiftUpdateCheck = 0940;
				LastUpgradeCheck = 0940;
				ORGANIZATIONNAME = David;
				TargetAttributes = {
					63A84221211693C20038C68B = {
						CreatedOnToolsVersion = 9.4.1;
					};
					63A84235211693C30038C68B = {
						CreatedOnToolsVersion = 9.4.1;
						TestTargetID = 63A84221211693C20038C68B;
					};
					63A84240211693C30038C68B = {
						CreatedOnToolsVersion = 9.4.1;
						TestTargetID = 63A84221211693C20038C68B;
					};
				};
			};
			buildConfigurationList = 63A8421D211693C20038C68B /* Build configuration list for PBXProject "SpartanParker-iOS" */;
			compatibilityVersion = "Xcode 9.3";
			developmentRegion = en;
			hasScannedForEncodings = 0;
			knownRegions = (
				en,
				Base,
			);
			mainGroup = 63A84219211693C20038C68B;
			productRefGroup = 63A84223211693C20038C68B /* Products */;
			projectDirPath = "";
			projectRoot = "";
			targets = (
				63A84221211693C20038C68B /* SpartanParker-iOS */,
				63A84235211693C30038C68B /* SpartanParker-iOSTests */,
				63A84240211693C30038C68B /* SpartanParker-iOSUITests */,
			);
		};
/* End PBXProject section */

/* Begin PBXResourcesBuildPhase section */
		63A84220211693C20038C68B /* Resources */ = {
			isa = PBXResourcesBuildPhase;
			buildActionMask = 2147483647;
			files = (
				63A84230211693C30038C68B /* LaunchScreen.storyboard in Resources */,
				63A8422D211693C30038C68B /* Assets.xcassets in Resources */,
			);
			runOnlyForDeploymentPostprocessing = 0;
		};
		63A84234211693C30038C68B /* Resources */ = {
			isa = PBXResourcesBuildPhase;
			buildActionMask = 2147483647;
			files = (
			);
			runOnlyForDeploymentPostprocessing = 0;
		};
		63A8423F211693C30038C68B /* Resources */ = {
			isa = PBXResourcesBuildPhase;
			buildActionMask = 2147483647;
			files = (
			);
			runOnlyForDeploymentPostprocessing = 0;
		};
/* End PBXResourcesBuildPhase section */

/* Begin PBXShellScriptBuildPhase section */
		28C4451C2E7B07B56785D6C8 /* [CP] Check Pods Manifest.lock */ = {
			isa = PBXShellScriptBuildPhase;
			buildActionMask = 2147483647;
			files = (
			);
			inputPaths = (
				"${PODS_PODFILE_DIR_PATH}/Podfile.lock",
				"${PODS_ROOT}/Manifest.lock",
			);
			name = "[CP] Check Pods Manifest.lock";
			outputPaths = (
				"$(DERIVED_FILE_DIR)/Pods-SpartanParker-iOS-checkManifestLockResult.txt",
			);
			runOnlyForDeploymentPostprocessing = 0;
			shellPath = /bin/sh;
			shellScript = "diff \"${PODS_PODFILE_DIR_PATH}/Podfile.lock\" \"${PODS_ROOT}/Manifest.lock\" > /dev/null\nif [ $? != 0 ] ; then\n    # print error to STDERR\n    echo \"error: The sandbox is not in sync with the Podfile.lock. Run 'pod install' or update your CocoaPods installation.\" >&2\n    exit 1\nfi\n# This output is used by Xcode 'outputs' to avoid re-running this script phase.\necho \"SUCCESS\" > \"${SCRIPT_OUTPUT_FILE_0}\"\n";
			showEnvVarsInLog = 0;
		};
		353AFC8E2395B64835987AB6 /* [CP] Check Pods Manifest.lock */ = {
			isa = PBXShellScriptBuildPhase;
			buildActionMask = 2147483647;
			files = (
			);
			inputPaths = (
				"${PODS_PODFILE_DIR_PATH}/Podfile.lock",
				"${PODS_ROOT}/Manifest.lock",
			);
			name = "[CP] Check Pods Manifest.lock";
			outputPaths = (
				"$(DERIVED_FILE_DIR)/Pods-SpartanParker-iOSTests-checkManifestLockResult.txt",
			);
			runOnlyForDeploymentPostprocessing = 0;
			shellPath = /bin/sh;
			shellScript = "diff \"${PODS_PODFILE_DIR_PATH}/Podfile.lock\" \"${PODS_ROOT}/Manifest.lock\" > /dev/null\nif [ $? != 0 ] ; then\n    # print error to STDERR\n    echo \"error: The sandbox is not in sync with the Podfile.lock. Run 'pod install' or update your CocoaPods installation.\" >&2\n    exit 1\nfi\n# This output is used by Xcode 'outputs' to avoid re-running this script phase.\necho \"SUCCESS\" > \"${SCRIPT_OUTPUT_FILE_0}\"\n";
			showEnvVarsInLog = 0;
		};
		529EAEBC87294B7DF45DFA60 /* [CP] Embed Pods Frameworks */ = {
			isa = PBXShellScriptBuildPhase;
			buildActionMask = 2147483647;
			files = (
			);
			inputPaths = (
				"${SRCROOT}/Pods/Target Support Files/Pods-SpartanParker-iOS/Pods-SpartanParker-iOS-frameworks.sh",
				"${BUILT_PRODUCTS_DIR}/AWSCognito/AWSCognito.framework",
				"${BUILT_PRODUCTS_DIR}/AWSCognitoAuth/AWSCognitoAuth.framework",
				"${BUILT_PRODUCTS_DIR}/AWSCognitoIdentityProvider/AWSCognitoIdentityProvider.framework",
				"${BUILT_PRODUCTS_DIR}/AWSCognitoIdentityProviderASF/AWSCognitoIdentityProviderASF.framework",
				"${BUILT_PRODUCTS_DIR}/AWSCore/AWSCore.framework",
				"${BUILT_PRODUCTS_DIR}/AWSDynamoDB/AWSDynamoDB.framework",
				"${BUILT_PRODUCTS_DIR}/AWSLambda/AWSLambda.framework",
				"${BUILT_PRODUCTS_DIR}/AWSS3/AWSS3.framework",
				"${BUILT_PRODUCTS_DIR}/Alamofire/Alamofire.framework",
				"${BUILT_PRODUCTS_DIR}/RxCocoa/RxCocoa.framework",
				"${BUILT_PRODUCTS_DIR}/RxSwift/RxSwift.framework",
			);
			name = "[CP] Embed Pods Frameworks";
			outputPaths = (
				"${TARGET_BUILD_DIR}/${FRAMEWORKS_FOLDER_PATH}/AWSCognito.framework",
				"${TARGET_BUILD_DIR}/${FRAMEWORKS_FOLDER_PATH}/AWSCognitoAuth.framework",
				"${TARGET_BUILD_DIR}/${FRAMEWORKS_FOLDER_PATH}/AWSCognitoIdentityProvider.framework",
				"${TARGET_BUILD_DIR}/${FRAMEWORKS_FOLDER_PATH}/AWSCognitoIdentityProviderASF.framework",
				"${TARGET_BUILD_DIR}/${FRAMEWORKS_FOLDER_PATH}/AWSCore.framework",
				"${TARGET_BUILD_DIR}/${FRAMEWORKS_FOLDER_PATH}/AWSDynamoDB.framework",
				"${TARGET_BUILD_DIR}/${FRAMEWORKS_FOLDER_PATH}/AWSLambda.framework",
				"${TARGET_BUILD_DIR}/${FRAMEWORKS_FOLDER_PATH}/AWSS3.framework",
				"${TARGET_BUILD_DIR}/${FRAMEWORKS_FOLDER_PATH}/Alamofire.framework",
				"${TARGET_BUILD_DIR}/${FRAMEWORKS_FOLDER_PATH}/RxCocoa.framework",
				"${TARGET_BUILD_DIR}/${FRAMEWORKS_FOLDER_PATH}/RxSwift.framework",
			);
			runOnlyForDeploymentPostprocessing = 0;
			shellPath = /bin/sh;
			shellScript = "\"${SRCROOT}/Pods/Target Support Files/Pods-SpartanParker-iOS/Pods-SpartanParker-iOS-frameworks.sh\"\n";
			showEnvVarsInLog = 0;
		};
		639A8C7E2137706E001733D6 /* ShellScript */ = {
			isa = PBXShellScriptBuildPhase;
			buildActionMask = 2147483647;
			files = (
			);
			inputPaths = (
			);
			outputPaths = (
			);
			runOnlyForDeploymentPostprocessing = 0;
			shellPath = /bin/sh;
			shellScript = "if which swiftlint >/dev/null; then\n    swiftlint\nelse\n    echo \"warning: SwiftLint not installed, download from https://github.com/realm/SwiftLint\"\nfi\n";
		};
		EF249D2FDA37CD3906B4149F /* [CP] Check Pods Manifest.lock */ = {
			isa = PBXShellScriptBuildPhase;
			buildActionMask = 2147483647;
			files = (
			);
			inputPaths = (
				"${PODS_PODFILE_DIR_PATH}/Podfile.lock",
				"${PODS_ROOT}/Manifest.lock",
			);
			name = "[CP] Check Pods Manifest.lock";
			outputPaths = (
				"$(DERIVED_FILE_DIR)/Pods-SpartanParker-iOSUITests-checkManifestLockResult.txt",
			);
			runOnlyForDeploymentPostprocessing = 0;
			shellPath = /bin/sh;
			shellScript = "diff \"${PODS_PODFILE_DIR_PATH}/Podfile.lock\" \"${PODS_ROOT}/Manifest.lock\" > /dev/null\nif [ $? != 0 ] ; then\n    # print error to STDERR\n    echo \"error: The sandbox is not in sync with the Podfile.lock. Run 'pod install' or update your CocoaPods installation.\" >&2\n    exit 1\nfi\n# This output is used by Xcode 'outputs' to avoid re-running this script phase.\necho \"SUCCESS\" > \"${SCRIPT_OUTPUT_FILE_0}\"\n";
			showEnvVarsInLog = 0;
		};
/* End PBXShellScriptBuildPhase section */

/* Begin PBXSourcesBuildPhase section */
		63A8421E211693C20038C68B /* Sources */ = {
			isa = PBXSourcesBuildPhase;
			buildActionMask = 2147483647;
			files = (
				63E35CC9211B3B4600735870 /* AuthenticationViewController.swift in Sources */,
				63C96AA5212AEDBD00F574D0 /* UIColor.swift in Sources */,
				635C52822147DEC80010006C /* QRScanViewController.swift in Sources */,
				63CBFE71212FED2A00E36AC5 /* DatabaseObject.swift in Sources */,
				637B91C42134AF2D003E9550 /* ViewController.swift in Sources */,
				637B91BE213478A5003E9550 /* AlertView.swift in Sources */,
				632CBB3C213FC8CD008A67D2 /* Authenticator.swift in Sources */,
				637B91D52137359F003E9550 /* MasterViewController.swift in Sources */,
				63E4C4DC21408FB2000CE9C4 /* Print.swift in Sources */,
				63C96AA7212AF4D800F574D0 /* UIView.swift in Sources */,
				637B91BC21347860003E9550 /* SpotSearchViewController.swift in Sources */,
				6374D7832146FACC00402950 /* OptionButton.swift in Sources */,
				63822C2C212CDBAF000D2B9D /* UserForm.swift in Sources */,
				63822C30212CDE0E000D2B9D /* TextField.swift in Sources */,
				632CBB3A213FA950008A67D2 /* LoginForm.swift in Sources */,
				637B91C221347D34003E9550 /* UIFont.swift in Sources */,
				635C5280214754440010006C /* GlobalHelpers.swift in Sources */,
				637B91CE213609ED003E9550 /* ParkingSpot.swift in Sources */,
				63A84226211693C30038C68B /* AppDelegate.swift in Sources */,
				63CBFE6F212FECFC00E36AC5 /* User.swift in Sources */,
				63E2428121406CCD00F9F525 /* RegisterForm.swift in Sources */,
				63CBFE66212F8BA900E36AC5 /* SegmentedController.swift in Sources */,
			);
			runOnlyForDeploymentPostprocessing = 0;
		};
		63A84232211693C30038C68B /* Sources */ = {
			isa = PBXSourcesBuildPhase;
			buildActionMask = 2147483647;
			files = (
				637B91D021364109003E9550 /* ParkingSpotTests.swift in Sources */,
				63CBFE68212FCD2200E36AC5 /* SegmentedControllerTests.swift in Sources */,
				637B91C82134D2B2003E9550 /* UIColorTests.swift in Sources */,
				637B91D921374ACF003E9550 /* UserTests.swift in Sources */,
				63CBFE60212F7E1B00E36AC5 /* TextFieldTests.swift in Sources */,
				63B56A1D2137A54A00913F26 /* FullNameTests.swift in Sources */,
				637B91CA2134E655003E9550 /* DatabaseObjectTests.swift in Sources */,
				637B91C62134C6B8003E9550 /* AlertViewTests.swift in Sources */,
			);
			runOnlyForDeploymentPostprocessing = 0;
		};
		63A8423D211693C30038C68B /* Sources */ = {
			isa = PBXSourcesBuildPhase;
			buildActionMask = 2147483647;
			files = (
			);
			runOnlyForDeploymentPostprocessing = 0;
		};
/* End PBXSourcesBuildPhase section */

/* Begin PBXTargetDependency section */
		63A84238211693C30038C68B /* PBXTargetDependency */ = {
			isa = PBXTargetDependency;
			target = 63A84221211693C20038C68B /* SpartanParker-iOS */;
			targetProxy = 63A84237211693C30038C68B /* PBXContainerItemProxy */;
		};
		63A84243211693C30038C68B /* PBXTargetDependency */ = {
			isa = PBXTargetDependency;
			target = 63A84221211693C20038C68B /* SpartanParker-iOS */;
			targetProxy = 63A84242211693C30038C68B /* PBXContainerItemProxy */;
		};
/* End PBXTargetDependency section */

/* Begin PBXVariantGroup section */
		63A8422E211693C30038C68B /* LaunchScreen.storyboard */ = {
			isa = PBXVariantGroup;
			children = (
				63A8422F211693C30038C68B /* Base */,
			);
			name = LaunchScreen.storyboard;
			sourceTree = "<group>";
		};
/* End PBXVariantGroup section */

/* Begin XCBuildConfiguration section */
		63A84248211693C30038C68B /* Debug */ = {
			isa = XCBuildConfiguration;
			buildSettings = {
				ALWAYS_SEARCH_USER_PATHS = NO;
				CLANG_ANALYZER_NONNULL = YES;
				CLANG_ANALYZER_NUMBER_OBJECT_CONVERSION = YES_AGGRESSIVE;
				CLANG_CXX_LANGUAGE_STANDARD = "gnu++14";
				CLANG_CXX_LIBRARY = "libc++";
				CLANG_ENABLE_MODULES = YES;
				CLANG_ENABLE_OBJC_ARC = YES;
				CLANG_ENABLE_OBJC_WEAK = YES;
				CLANG_WARN_BLOCK_CAPTURE_AUTORELEASING = YES;
				CLANG_WARN_BOOL_CONVERSION = YES;
				CLANG_WARN_COMMA = YES;
				CLANG_WARN_CONSTANT_CONVERSION = YES;
				CLANG_WARN_DEPRECATED_OBJC_IMPLEMENTATIONS = YES;
				CLANG_WARN_DIRECT_OBJC_ISA_USAGE = YES_ERROR;
				CLANG_WARN_DOCUMENTATION_COMMENTS = YES;
				CLANG_WARN_EMPTY_BODY = YES;
				CLANG_WARN_ENUM_CONVERSION = YES;
				CLANG_WARN_INFINITE_RECURSION = YES;
				CLANG_WARN_INT_CONVERSION = YES;
				CLANG_WARN_NON_LITERAL_NULL_CONVERSION = YES;
				CLANG_WARN_OBJC_IMPLICIT_RETAIN_SELF = YES;
				CLANG_WARN_OBJC_LITERAL_CONVERSION = YES;
				CLANG_WARN_OBJC_ROOT_CLASS = YES_ERROR;
				CLANG_WARN_RANGE_LOOP_ANALYSIS = YES;
				CLANG_WARN_STRICT_PROTOTYPES = YES;
				CLANG_WARN_SUSPICIOUS_MOVE = YES;
				CLANG_WARN_UNGUARDED_AVAILABILITY = YES_AGGRESSIVE;
				CLANG_WARN_UNREACHABLE_CODE = YES;
				CLANG_WARN__DUPLICATE_METHOD_MATCH = YES;
				CODE_SIGN_IDENTITY = "iPhone Developer";
				COPY_PHASE_STRIP = NO;
				DEBUG_INFORMATION_FORMAT = dwarf;
				ENABLE_STRICT_OBJC_MSGSEND = YES;
				ENABLE_TESTABILITY = YES;
				GCC_C_LANGUAGE_STANDARD = gnu11;
				GCC_DYNAMIC_NO_PIC = NO;
				GCC_NO_COMMON_BLOCKS = YES;
				GCC_OPTIMIZATION_LEVEL = 0;
				GCC_PREPROCESSOR_DEFINITIONS = (
					"DEBUG=1",
					"$(inherited)",
				);
				GCC_WARN_64_TO_32_BIT_CONVERSION = YES;
				GCC_WARN_ABOUT_RETURN_TYPE = YES_ERROR;
				GCC_WARN_UNDECLARED_SELECTOR = YES;
				GCC_WARN_UNINITIALIZED_AUTOS = YES_AGGRESSIVE;
				GCC_WARN_UNUSED_FUNCTION = YES;
				GCC_WARN_UNUSED_VARIABLE = YES;
				IPHONEOS_DEPLOYMENT_TARGET = 11.4;
				MTL_ENABLE_DEBUG_INFO = YES;
				ONLY_ACTIVE_ARCH = YES;
				SDKROOT = iphoneos;
				SWIFT_ACTIVE_COMPILATION_CONDITIONS = DEBUG;
				SWIFT_OPTIMIZATION_LEVEL = "-Onone";
			};
			name = Debug;
		};
		63A84249211693C30038C68B /* Release */ = {
			isa = XCBuildConfiguration;
			buildSettings = {
				ALWAYS_SEARCH_USER_PATHS = NO;
				CLANG_ANALYZER_NONNULL = YES;
				CLANG_ANALYZER_NUMBER_OBJECT_CONVERSION = YES_AGGRESSIVE;
				CLANG_CXX_LANGUAGE_STANDARD = "gnu++14";
				CLANG_CXX_LIBRARY = "libc++";
				CLANG_ENABLE_MODULES = YES;
				CLANG_ENABLE_OBJC_ARC = YES;
				CLANG_ENABLE_OBJC_WEAK = YES;
				CLANG_WARN_BLOCK_CAPTURE_AUTORELEASING = YES;
				CLANG_WARN_BOOL_CONVERSION = YES;
				CLANG_WARN_COMMA = YES;
				CLANG_WARN_CONSTANT_CONVERSION = YES;
				CLANG_WARN_DEPRECATED_OBJC_IMPLEMENTATIONS = YES;
				CLANG_WARN_DIRECT_OBJC_ISA_USAGE = YES_ERROR;
				CLANG_WARN_DOCUMENTATION_COMMENTS = YES;
				CLANG_WARN_EMPTY_BODY = YES;
				CLANG_WARN_ENUM_CONVERSION = YES;
				CLANG_WARN_INFINITE_RECURSION = YES;
				CLANG_WARN_INT_CONVERSION = YES;
				CLANG_WARN_NON_LITERAL_NULL_CONVERSION = YES;
				CLANG_WARN_OBJC_IMPLICIT_RETAIN_SELF = YES;
				CLANG_WARN_OBJC_LITERAL_CONVERSION = YES;
				CLANG_WARN_OBJC_ROOT_CLASS = YES_ERROR;
				CLANG_WARN_RANGE_LOOP_ANALYSIS = YES;
				CLANG_WARN_STRICT_PROTOTYPES = YES;
				CLANG_WARN_SUSPICIOUS_MOVE = YES;
				CLANG_WARN_UNGUARDED_AVAILABILITY = YES_AGGRESSIVE;
				CLANG_WARN_UNREACHABLE_CODE = YES;
				CLANG_WARN__DUPLICATE_METHOD_MATCH = YES;
				CODE_SIGN_IDENTITY = "iPhone Developer";
				COPY_PHASE_STRIP = NO;
				DEBUG_INFORMATION_FORMAT = "dwarf-with-dsym";
				ENABLE_NS_ASSERTIONS = NO;
				ENABLE_STRICT_OBJC_MSGSEND = YES;
				GCC_C_LANGUAGE_STANDARD = gnu11;
				GCC_NO_COMMON_BLOCKS = YES;
				GCC_WARN_64_TO_32_BIT_CONVERSION = YES;
				GCC_WARN_ABOUT_RETURN_TYPE = YES_ERROR;
				GCC_WARN_UNDECLARED_SELECTOR = YES;
				GCC_WARN_UNINITIALIZED_AUTOS = YES_AGGRESSIVE;
				GCC_WARN_UNUSED_FUNCTION = YES;
				GCC_WARN_UNUSED_VARIABLE = YES;
				IPHONEOS_DEPLOYMENT_TARGET = 11.4;
				MTL_ENABLE_DEBUG_INFO = NO;
				SDKROOT = iphoneos;
				SWIFT_COMPILATION_MODE = wholemodule;
				SWIFT_OPTIMIZATION_LEVEL = "-O";
				VALIDATE_PRODUCT = YES;
			};
			name = Release;
		};
		63A8424B211693C30038C68B /* Debug */ = {
			isa = XCBuildConfiguration;
			baseConfigurationReference = DCD99BC8695578C5C2EB5445 /* Pods-SpartanParker-iOS.debug.xcconfig */;
			buildSettings = {
				ASSETCATALOG_COMPILER_APPICON_NAME = AppIcon;
				CODE_SIGN_STYLE = Automatic;
				DEVELOPMENT_TEAM = 5F9YSVH8J7;
				INFOPLIST_FILE = "SpartanParker-iOS/SupportingFiles/Info.plist";
				LD_RUNPATH_SEARCH_PATHS = (
					"$(inherited)",
					"@executable_path/Frameworks",
				);
				PRODUCT_BUNDLE_IDENTIFIER = "com.SpartanParker-iOS";
				PRODUCT_NAME = "$(TARGET_NAME)";
				SWIFT_VERSION = 4.0;
				TARGETED_DEVICE_FAMILY = "1,2";
			};
			name = Debug;
		};
		63A8424C211693C30038C68B /* Release */ = {
			isa = XCBuildConfiguration;
			baseConfigurationReference = 29DA89D9215ABE53D51A29B6 /* Pods-SpartanParker-iOS.release.xcconfig */;
			buildSettings = {
				ASSETCATALOG_COMPILER_APPICON_NAME = AppIcon;
				CODE_SIGN_STYLE = Automatic;
				DEVELOPMENT_TEAM = 5F9YSVH8J7;
				INFOPLIST_FILE = "SpartanParker-iOS/SupportingFiles/Info.plist";
				LD_RUNPATH_SEARCH_PATHS = (
					"$(inherited)",
					"@executable_path/Frameworks",
				);
				PRODUCT_BUNDLE_IDENTIFIER = "com.SpartanParker-iOS";
				PRODUCT_NAME = "$(TARGET_NAME)";
				SWIFT_VERSION = 4.0;
				TARGETED_DEVICE_FAMILY = "1,2";
			};
			name = Release;
		};
		63A8424E211693C30038C68B /* Debug */ = {
			isa = XCBuildConfiguration;
			baseConfigurationReference = 2791B8908F25FD505C4D7F5F /* Pods-SpartanParker-iOSTests.debug.xcconfig */;
			buildSettings = {
				ALWAYS_EMBED_SWIFT_STANDARD_LIBRARIES = YES;
				BUNDLE_LOADER = "$(TEST_HOST)";
				CODE_SIGN_STYLE = Automatic;
				DEVELOPMENT_TEAM = 5F9YSVH8J7;
				INFOPLIST_FILE = "SpartanParker-iOSTests/Info.plist";
				LD_RUNPATH_SEARCH_PATHS = (
					"$(inherited)",
					"@executable_path/Frameworks",
					"@loader_path/Frameworks",
				);
				PRODUCT_BUNDLE_IDENTIFIER = "com.SpartanParker-iOSTests";
				PRODUCT_NAME = "$(TARGET_NAME)";
				SWIFT_VERSION = 4.0;
				TARGETED_DEVICE_FAMILY = "1,2";
				TEST_HOST = "$(BUILT_PRODUCTS_DIR)/SpartanParker-iOS.app/SpartanParker-iOS";
			};
			name = Debug;
		};
		63A8424F211693C30038C68B /* Release */ = {
			isa = XCBuildConfiguration;
			baseConfigurationReference = 00E6B7B462D01FB44B8E90B4 /* Pods-SpartanParker-iOSTests.release.xcconfig */;
			buildSettings = {
				ALWAYS_EMBED_SWIFT_STANDARD_LIBRARIES = YES;
				BUNDLE_LOADER = "$(TEST_HOST)";
				CODE_SIGN_STYLE = Automatic;
				DEVELOPMENT_TEAM = 5F9YSVH8J7;
				INFOPLIST_FILE = "SpartanParker-iOSTests/Info.plist";
				LD_RUNPATH_SEARCH_PATHS = (
					"$(inherited)",
					"@executable_path/Frameworks",
					"@loader_path/Frameworks",
				);
				PRODUCT_BUNDLE_IDENTIFIER = "com.SpartanParker-iOSTests";
				PRODUCT_NAME = "$(TARGET_NAME)";
				SWIFT_VERSION = 4.0;
				TARGETED_DEVICE_FAMILY = "1,2";
				TEST_HOST = "$(BUILT_PRODUCTS_DIR)/SpartanParker-iOS.app/SpartanParker-iOS";
			};
			name = Release;
		};
		63A84251211693C30038C68B /* Debug */ = {
			isa = XCBuildConfiguration;
			baseConfigurationReference = 3B2BF39DA96FABC9656AB8BF /* Pods-SpartanParker-iOSUITests.debug.xcconfig */;
			buildSettings = {
				ALWAYS_EMBED_SWIFT_STANDARD_LIBRARIES = YES;
				CODE_SIGN_STYLE = Automatic;
				DEVELOPMENT_TEAM = 5F9YSVH8J7;
				INFOPLIST_FILE = "SpartanParker-iOSUITests/Info.plist";
				LD_RUNPATH_SEARCH_PATHS = (
					"$(inherited)",
					"@executable_path/Frameworks",
					"@loader_path/Frameworks",
				);
				PRODUCT_BUNDLE_IDENTIFIER = "com.SpartanParker-iOSUITests";
				PRODUCT_NAME = "$(TARGET_NAME)";
				SWIFT_VERSION = 4.0;
				TARGETED_DEVICE_FAMILY = "1,2";
				TEST_TARGET_NAME = "SpartanParker-iOS";
			};
			name = Debug;
		};
		63A84252211693C30038C68B /* Release */ = {
			isa = XCBuildConfiguration;
			baseConfigurationReference = A6549C467BB2D3B5BCFA9DFA /* Pods-SpartanParker-iOSUITests.release.xcconfig */;
			buildSettings = {
				ALWAYS_EMBED_SWIFT_STANDARD_LIBRARIES = YES;
				CODE_SIGN_STYLE = Automatic;
				DEVELOPMENT_TEAM = 5F9YSVH8J7;
				INFOPLIST_FILE = "SpartanParker-iOSUITests/Info.plist";
				LD_RUNPATH_SEARCH_PATHS = (
					"$(inherited)",
					"@executable_path/Frameworks",
					"@loader_path/Frameworks",
				);
				PRODUCT_BUNDLE_IDENTIFIER = "com.SpartanParker-iOSUITests";
				PRODUCT_NAME = "$(TARGET_NAME)";
				SWIFT_VERSION = 4.0;
				TARGETED_DEVICE_FAMILY = "1,2";
				TEST_TARGET_NAME = "SpartanParker-iOS";
			};
			name = Release;
		};
/* End XCBuildConfiguration section */

/* Begin XCConfigurationList section */
		63A8421D211693C20038C68B /* Build configuration list for PBXProject "SpartanParker-iOS" */ = {
			isa = XCConfigurationList;
			buildConfigurations = (
				63A84248211693C30038C68B /* Debug */,
				63A84249211693C30038C68B /* Release */,
			);
			defaultConfigurationIsVisible = 0;
			defaultConfigurationName = Release;
		};
		63A8424A211693C30038C68B /* Build configuration list for PBXNativeTarget "SpartanParker-iOS" */ = {
			isa = XCConfigurationList;
			buildConfigurations = (
				63A8424B211693C30038C68B /* Debug */,
				63A8424C211693C30038C68B /* Release */,
			);
			defaultConfigurationIsVisible = 0;
			defaultConfigurationName = Release;
		};
		63A8424D211693C30038C68B /* Build configuration list for PBXNativeTarget "SpartanParker-iOSTests" */ = {
			isa = XCConfigurationList;
			buildConfigurations = (
				63A8424E211693C30038C68B /* Debug */,
				63A8424F211693C30038C68B /* Release */,
			);
			defaultConfigurationIsVisible = 0;
			defaultConfigurationName = Release;
		};
		63A84250211693C30038C68B /* Build configuration list for PBXNativeTarget "SpartanParker-iOSUITests" */ = {
			isa = XCConfigurationList;
			buildConfigurations = (
				63A84251211693C30038C68B /* Debug */,
				63A84252211693C30038C68B /* Release */,
			);
			defaultConfigurationIsVisible = 0;
			defaultConfigurationName = Release;
		};
/* End XCConfigurationList section */
	};
	rootObject = 63A8421A211693C20038C68B /* Project object */;
}
